// !$*UTF8*$!
{
	archiveVersion = 1;
	classes = {
	};
	objectVersion = 46;
	objects = {

/* Begin PBXBuildFile section */
		05FA9DB3184F1BF2009E4C0E /* Foundation.framework in Frameworks */ = {isa = PBXBuildFile; fileRef = 05FA9DB2184F1BF2009E4C0E /* Foundation.framework */; };
		05FA9DB5184F1BF2009E4C0E /* CoreGraphics.framework in Frameworks */ = {isa = PBXBuildFile; fileRef = 05FA9DB4184F1BF2009E4C0E /* CoreGraphics.framework */; };
		05FA9DB7184F1BF2009E4C0E /* UIKit.framework in Frameworks */ = {isa = PBXBuildFile; fileRef = 05FA9DB6184F1BF2009E4C0E /* UIKit.framework */; };
		05FA9DBD184F1BF2009E4C0E /* InfoPlist.strings in Resources */ = {isa = PBXBuildFile; fileRef = 05FA9DBB184F1BF2009E4C0E /* InfoPlist.strings */; };
		05FA9DBF184F1BF2009E4C0E /* main.m in Sources */ = {isa = PBXBuildFile; fileRef = 05FA9DBE184F1BF2009E4C0E /* main.m */; };
		05FA9DC3184F1BF2009E4C0E /* AppDelegate.m in Sources */ = {isa = PBXBuildFile; fileRef = 05FA9DC2184F1BF2009E4C0E /* AppDelegate.m */; };
		05FA9DC6184F1BF2009E4C0E /* Main.storyboard in Resources */ = {isa = PBXBuildFile; fileRef = 05FA9DC4184F1BF2009E4C0E /* Main.storyboard */; };
		05FA9DC9184F1BF2009E4C0E /* ViewController.m in Sources */ = {isa = PBXBuildFile; fileRef = 05FA9DC8184F1BF2009E4C0E /* ViewController.m */; };
		05FA9DCB184F1BF2009E4C0E /* Images.xcassets in Resources */ = {isa = PBXBuildFile; fileRef = 05FA9DCA184F1BF2009E4C0E /* Images.xcassets */; };
		05FA9DD2184F1BF2009E4C0E /* XCTest.framework in Frameworks */ = {isa = PBXBuildFile; fileRef = 05FA9DD1184F1BF2009E4C0E /* XCTest.framework */; };
		05FA9DD3184F1BF2009E4C0E /* Foundation.framework in Frameworks */ = {isa = PBXBuildFile; fileRef = 05FA9DB2184F1BF2009E4C0E /* Foundation.framework */; };
		05FA9DD4184F1BF2009E4C0E /* UIKit.framework in Frameworks */ = {isa = PBXBuildFile; fileRef = 05FA9DB6184F1BF2009E4C0E /* UIKit.framework */; };
		05FA9DDC184F1BF2009E4C0E /* InfoPlist.strings in Resources */ = {isa = PBXBuildFile; fileRef = 05FA9DDA184F1BF2009E4C0E /* InfoPlist.strings */; };
		05FA9DDE184F1BF2009E4C0E /* MAPS___GeoCatching_4Tests.m in Sources */ = {isa = PBXBuildFile; fileRef = 05FA9DDD184F1BF2009E4C0E /* MAPS___GeoCatching_4Tests.m */; };
		05FA9DEB184F2DC2009E4C0E /* MapKit.framework in Frameworks */ = {isa = PBXBuildFile; fileRef = 05FA9DEA184F2DC2009E4C0E /* MapKit.framework */; };
		05FA9DED184F2DC9009E4C0E /* CoreLocation.framework in Frameworks */ = {isa = PBXBuildFile; fileRef = 05FA9DEC184F2DC9009E4C0E /* CoreLocation.framework */; };
		05FA9DEF184F2DD0009E4C0E /* AVFoundation.framework in Frameworks */ = {isa = PBXBuildFile; fileRef = 05FA9DEE184F2DD0009E4C0E /* AVFoundation.framework */; };
		05FA9DF1184F2DE7009E4C0E /* AudioToolbox.framework in Frameworks */ = {isa = PBXBuildFile; fileRef = 05FA9DF0184F2DE7009E4C0E /* AudioToolbox.framework */; };
		05FA9DF6184F2EB9009E4C0E /* CrumbPath.m in Sources */ = {isa = PBXBuildFile; fileRef = 05FA9DF3184F2EB9009E4C0E /* CrumbPath.m */; };
		05FA9DF7184F2EB9009E4C0E /* CrumbPathView.m in Sources */ = {isa = PBXBuildFile; fileRef = 05FA9DF5184F2EB9009E4C0E /* CrumbPathView.m */; };
		05FA9DFD184F3156009E4C0E /* Hero.aiff in Resources */ = {isa = PBXBuildFile; fileRef = 05FA9DFC184F3156009E4C0E /* Hero.aiff */; };
		05FA9E02184FF29C009E4C0E /* Clink-Beep.aiff in Resources */ = {isa = PBXBuildFile; fileRef = 05FA9DFE184FF29C009E4C0E /* Clink-Beep.aiff */; };
		05FA9E03184FF29C009E4C0E /* Metallic_Bell_Beep.aiff in Resources */ = {isa = PBXBuildFile; fileRef = 05FA9DFF184FF29C009E4C0E /* Metallic_Bell_Beep.aiff */; };
		05FA9E04184FF29C009E4C0E /* Siren.aif in Resources */ = {isa = PBXBuildFile; fileRef = 05FA9E00184FF29C009E4C0E /* Siren.aif */; };
		05FA9E05184FF29C009E4C0E /* Siren_WooWoo.aif in Resources */ = {isa = PBXBuildFile; fileRef = 05FA9E01184FF29C009E4C0E /* Siren_WooWoo.aif */; };
		05FA9E071850074C009E4C0E /* itemFounded.aiff in Resources */ = {isa = PBXBuildFile; fileRef = 05FA9E061850074C009E4C0E /* itemFounded.aiff */; };
		05FF98C71850729C00D91CDF /* Parse.framework in Frameworks */ = {isa = PBXBuildFile; fileRef = 05FF98C61850729C00D91CDF /* Parse.framework */; };
		05FF98C9185072F200D91CDF /* CFNetwork.framework in Frameworks */ = {isa = PBXBuildFile; fileRef = 05FF98C8185072F200D91CDF /* CFNetwork.framework */; };
		05FF98CB1850730400D91CDF /* libz.1.1.3.dylib in Frameworks */ = {isa = PBXBuildFile; fileRef = 05FF98CA1850730400D91CDF /* libz.1.1.3.dylib */; };
		05FF98CD1850730C00D91CDF /* MobileCoreServices.framework in Frameworks */ = {isa = PBXBuildFile; fileRef = 05FF98CC1850730C00D91CDF /* MobileCoreServices.framework */; };
		05FF98CF1850731600D91CDF /* QuartzCore.framework in Frameworks */ = {isa = PBXBuildFile; fileRef = 05FF98CE1850731600D91CDF /* QuartzCore.framework */; };
		05FF98D11850732200D91CDF /* Security.framework in Frameworks */ = {isa = PBXBuildFile; fileRef = 05FF98D01850732200D91CDF /* Security.framework */; };
		05FF98D31850732900D91CDF /* StoreKit.framework in Frameworks */ = {isa = PBXBuildFile; fileRef = 05FF98D21850732900D91CDF /* StoreKit.framework */; };
		05FF98D51850733100D91CDF /* SystemConfiguration.framework in Frameworks */ = {isa = PBXBuildFile; fileRef = 05FF98D41850733100D91CDF /* SystemConfiguration.framework */; };
		05FF98D71850855E00D91CDF /* compass.png in Resources */ = {isa = PBXBuildFile; fileRef = 05FF98D61850855E00D91CDF /* compass.png */; };
		05FF98DD1850D9B300D91CDF /* rsz_1compass.png in Resources */ = {isa = PBXBuildFile; fileRef = 05FF98DA1850D9B300D91CDF /* rsz_1compass.png */; };
		05FF98DE1850D9B300D91CDF /* rsz_2compass.png in Resources */ = {isa = PBXBuildFile; fileRef = 05FF98DB1850D9B300D91CDF /* rsz_2compass.png */; };
		05FF98DF1850D9B300D91CDF /* rsz_3compass.png in Resources */ = {isa = PBXBuildFile; fileRef = 05FF98DC1850D9B300D91CDF /* rsz_3compass.png */; };
		05FF98E21850DC8D00D91CDF /* rsz_treasure_island_map_bigger.png in Resources */ = {isa = PBXBuildFile; fileRef = 05FF98E01850DC8D00D91CDF /* rsz_treasure_island_map_bigger.png */; };
		05FF98E31850DC8D00D91CDF /* rsz_treasure-island-map.png in Resources */ = {isa = PBXBuildFile; fileRef = 05FF98E11850DC8D00D91CDF /* rsz_treasure-island-map.png */; };
/* End PBXBuildFile section */

/* Begin PBXContainerItemProxy section */
		05FA9DD5184F1BF2009E4C0E /* PBXContainerItemProxy */ = {
			isa = PBXContainerItemProxy;
			containerPortal = 05FA9DA7184F1BF2009E4C0E /* Project object */;
			proxyType = 1;
			remoteGlobalIDString = 05FA9DAE184F1BF2009E4C0E;
			remoteInfo = "MAPS - GeoCatching_4";
		};
/* End PBXContainerItemProxy section */

/* Begin PBXFileReference section */
		05FA9DAF184F1BF2009E4C0E /* MAPS - GeoCatching_4.app */ = {isa = PBXFileReference; explicitFileType = wrapper.application; includeInIndex = 0; path = "MAPS - GeoCatching_4.app"; sourceTree = BUILT_PRODUCTS_DIR; };
		05FA9DB2184F1BF2009E4C0E /* Foundation.framework */ = {isa = PBXFileReference; lastKnownFileType = wrapper.framework; name = Foundation.framework; path = System/Library/Frameworks/Foundation.framework; sourceTree = SDKROOT; };
		05FA9DB4184F1BF2009E4C0E /* CoreGraphics.framework */ = {isa = PBXFileReference; lastKnownFileType = wrapper.framework; name = CoreGraphics.framework; path = System/Library/Frameworks/CoreGraphics.framework; sourceTree = SDKROOT; };
		05FA9DB6184F1BF2009E4C0E /* UIKit.framework */ = {isa = PBXFileReference; lastKnownFileType = wrapper.framework; name = UIKit.framework; path = System/Library/Frameworks/UIKit.framework; sourceTree = SDKROOT; };
		05FA9DBA184F1BF2009E4C0E /* MAPS - GeoCatching_4-Info.plist */ = {isa = PBXFileReference; lastKnownFileType = text.plist.xml; path = "MAPS - GeoCatching_4-Info.plist"; sourceTree = "<group>"; };
		05FA9DBC184F1BF2009E4C0E /* en */ = {isa = PBXFileReference; lastKnownFileType = text.plist.strings; name = en; path = en.lproj/InfoPlist.strings; sourceTree = "<group>"; };
		05FA9DBE184F1BF2009E4C0E /* main.m */ = {isa = PBXFileReference; lastKnownFileType = sourcecode.c.objc; path = main.m; sourceTree = "<group>"; };
		05FA9DC0184F1BF2009E4C0E /* MAPS - GeoCatching_4-Prefix.pch */ = {isa = PBXFileReference; lastKnownFileType = sourcecode.c.h; path = "MAPS - GeoCatching_4-Prefix.pch"; sourceTree = "<group>"; };
		05FA9DC1184F1BF2009E4C0E /* AppDelegate.h */ = {isa = PBXFileReference; lastKnownFileType = sourcecode.c.h; path = AppDelegate.h; sourceTree = "<group>"; };
		05FA9DC2184F1BF2009E4C0E /* AppDelegate.m */ = {isa = PBXFileReference; lastKnownFileType = sourcecode.c.objc; path = AppDelegate.m; sourceTree = "<group>"; };
		05FA9DC5184F1BF2009E4C0E /* Base */ = {isa = PBXFileReference; lastKnownFileType = file.storyboard; name = Base; path = Base.lproj/Main.storyboard; sourceTree = "<group>"; };
		05FA9DC7184F1BF2009E4C0E /* ViewController.h */ = {isa = PBXFileReference; lastKnownFileType = sourcecode.c.h; path = ViewController.h; sourceTree = "<group>"; };
		05FA9DC8184F1BF2009E4C0E /* ViewController.m */ = {isa = PBXFileReference; lastKnownFileType = sourcecode.c.objc; path = ViewController.m; sourceTree = "<group>"; };
		05FA9DCA184F1BF2009E4C0E /* Images.xcassets */ = {isa = PBXFileReference; lastKnownFileType = folder.assetcatalog; path = Images.xcassets; sourceTree = "<group>"; };
		05FA9DD0184F1BF2009E4C0E /* MAPS - GeoCatching_4Tests.xctest */ = {isa = PBXFileReference; explicitFileType = wrapper.cfbundle; includeInIndex = 0; path = "MAPS - GeoCatching_4Tests.xctest"; sourceTree = BUILT_PRODUCTS_DIR; };
		05FA9DD1184F1BF2009E4C0E /* XCTest.framework */ = {isa = PBXFileReference; lastKnownFileType = wrapper.framework; name = XCTest.framework; path = Library/Frameworks/XCTest.framework; sourceTree = DEVELOPER_DIR; };
		05FA9DD9184F1BF2009E4C0E /* MAPS - GeoCatching_4Tests-Info.plist */ = {isa = PBXFileReference; lastKnownFileType = text.plist.xml; path = "MAPS - GeoCatching_4Tests-Info.plist"; sourceTree = "<group>"; };
		05FA9DDB184F1BF2009E4C0E /* en */ = {isa = PBXFileReference; lastKnownFileType = text.plist.strings; name = en; path = en.lproj/InfoPlist.strings; sourceTree = "<group>"; };
		05FA9DDD184F1BF2009E4C0E /* MAPS___GeoCatching_4Tests.m */ = {isa = PBXFileReference; lastKnownFileType = sourcecode.c.objc; path = "MAPS___GeoCatching_4Tests.m"; sourceTree = "<group>"; };
		05FA9DEA184F2DC2009E4C0E /* MapKit.framework */ = {isa = PBXFileReference; lastKnownFileType = wrapper.framework; name = MapKit.framework; path = System/Library/Frameworks/MapKit.framework; sourceTree = SDKROOT; };
		05FA9DEC184F2DC9009E4C0E /* CoreLocation.framework */ = {isa = PBXFileReference; lastKnownFileType = wrapper.framework; name = CoreLocation.framework; path = System/Library/Frameworks/CoreLocation.framework; sourceTree = SDKROOT; };
		05FA9DEE184F2DD0009E4C0E /* AVFoundation.framework */ = {isa = PBXFileReference; lastKnownFileType = wrapper.framework; name = AVFoundation.framework; path = System/Library/Frameworks/AVFoundation.framework; sourceTree = SDKROOT; };
		05FA9DF0184F2DE7009E4C0E /* AudioToolbox.framework */ = {isa = PBXFileReference; lastKnownFileType = wrapper.framework; name = AudioToolbox.framework; path = System/Library/Frameworks/AudioToolbox.framework; sourceTree = SDKROOT; };
		05FA9DF2184F2EB9009E4C0E /* CrumbPath.h */ = {isa = PBXFileReference; fileEncoding = 4; lastKnownFileType = sourcecode.c.h; path = CrumbPath.h; sourceTree = "<group>"; };
		05FA9DF3184F2EB9009E4C0E /* CrumbPath.m */ = {isa = PBXFileReference; fileEncoding = 4; lastKnownFileType = sourcecode.c.objc; path = CrumbPath.m; sourceTree = "<group>"; };
		05FA9DF4184F2EB9009E4C0E /* CrumbPathView.h */ = {isa = PBXFileReference; fileEncoding = 4; lastKnownFileType = sourcecode.c.h; path = CrumbPathView.h; sourceTree = "<group>"; };
		05FA9DF5184F2EB9009E4C0E /* CrumbPathView.m */ = {isa = PBXFileReference; fileEncoding = 4; lastKnownFileType = sourcecode.c.objc; path = CrumbPathView.m; sourceTree = "<group>"; };
		05FA9DFC184F3156009E4C0E /* Hero.aiff */ = {isa = PBXFileReference; lastKnownFileType = audio.aiff; path = Hero.aiff; sourceTree = "<group>"; };
		05FA9DFE184FF29C009E4C0E /* Clink-Beep.aiff */ = {isa = PBXFileReference; lastKnownFileType = audio.aiff; path = "Clink-Beep.aiff"; sourceTree = "<group>"; };
		05FA9DFF184FF29C009E4C0E /* Metallic_Bell_Beep.aiff */ = {isa = PBXFileReference; lastKnownFileType = audio.aiff; path = Metallic_Bell_Beep.aiff; sourceTree = "<group>"; };
		05FA9E00184FF29C009E4C0E /* Siren.aif */ = {isa = PBXFileReference; lastKnownFileType = file; path = Siren.aif; sourceTree = "<group>"; };
		05FA9E01184FF29C009E4C0E /* Siren_WooWoo.aif */ = {isa = PBXFileReference; lastKnownFileType = file; path = Siren_WooWoo.aif; sourceTree = "<group>"; };
		05FA9E061850074C009E4C0E /* itemFounded.aiff */ = {isa = PBXFileReference; lastKnownFileType = audio.aiff; path = itemFounded.aiff; sourceTree = "<group>"; };
		05FF98C61850729C00D91CDF /* Parse.framework */ = {isa = PBXFileReference; lastKnownFileType = wrapper.framework; path = Parse.framework; sourceTree = "<group>"; };
		05FF98C8185072F200D91CDF /* CFNetwork.framework */ = {isa = PBXFileReference; lastKnownFileType = wrapper.framework; name = CFNetwork.framework; path = System/Library/Frameworks/CFNetwork.framework; sourceTree = SDKROOT; };
		05FF98CA1850730400D91CDF /* libz.1.1.3.dylib */ = {isa = PBXFileReference; lastKnownFileType = "compiled.mach-o.dylib"; name = libz.1.1.3.dylib; path = usr/lib/libz.1.1.3.dylib; sourceTree = SDKROOT; };
		05FF98CC1850730C00D91CDF /* MobileCoreServices.framework */ = {isa = PBXFileReference; lastKnownFileType = wrapper.framework; name = MobileCoreServices.framework; path = System/Library/Frameworks/MobileCoreServices.framework; sourceTree = SDKROOT; };
		05FF98CE1850731600D91CDF /* QuartzCore.framework */ = {isa = PBXFileReference; lastKnownFileType = wrapper.framework; name = QuartzCore.framework; path = System/Library/Frameworks/QuartzCore.framework; sourceTree = SDKROOT; };
		05FF98D01850732200D91CDF /* Security.framework */ = {isa = PBXFileReference; lastKnownFileType = wrapper.framework; name = Security.framework; path = System/Library/Frameworks/Security.framework; sourceTree = SDKROOT; };
		05FF98D21850732900D91CDF /* StoreKit.framework */ = {isa = PBXFileReference; lastKnownFileType = wrapper.framework; name = StoreKit.framework; path = System/Library/Frameworks/StoreKit.framework; sourceTree = SDKROOT; };
		05FF98D41850733100D91CDF /* SystemConfiguration.framework */ = {isa = PBXFileReference; lastKnownFileType = wrapper.framework; name = SystemConfiguration.framework; path = System/Library/Frameworks/SystemConfiguration.framework; sourceTree = SDKROOT; };
		05FF98D61850855E00D91CDF /* compass.png */ = {isa = PBXFileReference; lastKnownFileType = image.png; path = compass.png; sourceTree = SOURCE_ROOT; };
		05FF98DA1850D9B300D91CDF /* rsz_1compass.png */ = {isa = PBXFileReference; lastKnownFileType = image.png; name = rsz_1compass.png; path = ../../../../Downloads/rsz_1compass.png; sourceTree = "<group>"; };
		05FF98DB1850D9B300D91CDF /* rsz_2compass.png */ = {isa = PBXFileReference; lastKnownFileType = image.png; name = rsz_2compass.png; path = ../../../../Downloads/rsz_2compass.png; sourceTree = "<group>"; };
		05FF98DC1850D9B300D91CDF /* rsz_3compass.png */ = {isa = PBXFileReference; lastKnownFileType = image.png; name = rsz_3compass.png; path = ../../../../Downloads/rsz_3compass.png; sourceTree = "<group>"; };
		05FF98E01850DC8D00D91CDF /* rsz_treasure_island_map_bigger.png */ = {isa = PBXFileReference; lastKnownFileType = image.png; name = rsz_treasure_island_map_bigger.png; path = ../../../../Downloads/rsz_treasure_island_map_bigger.png; sourceTree = "<group>"; };
		05FF98E11850DC8D00D91CDF /* rsz_treasure-island-map.png */ = {isa = PBXFileReference; lastKnownFileType = image.png; name = "rsz_treasure-island-map.png"; path = "../../../../Downloads/rsz_treasure-island-map.png"; sourceTree = "<group>"; };
/* End PBXFileReference section */

/* Begin PBXFrameworksBuildPhase section */
		05FA9DAC184F1BF2009E4C0E /* Frameworks */ = {
			isa = PBXFrameworksBuildPhase;
			buildActionMask = 2147483647;
			files = (
				05FF98D51850733100D91CDF /* SystemConfiguration.framework in Frameworks */,
				05FF98D31850732900D91CDF /* StoreKit.framework in Frameworks */,
				05FF98D11850732200D91CDF /* Security.framework in Frameworks */,
				05FF98CF1850731600D91CDF /* QuartzCore.framework in Frameworks */,
				05FF98CD1850730C00D91CDF /* MobileCoreServices.framework in Frameworks */,
				05FF98CB1850730400D91CDF /* libz.1.1.3.dylib in Frameworks */,
				05FF98C9185072F200D91CDF /* CFNetwork.framework in Frameworks */,
				05FA9DF1184F2DE7009E4C0E /* AudioToolbox.framework in Frameworks */,
				05FA9DEF184F2DD0009E4C0E /* AVFoundation.framework in Frameworks */,
				05FA9DED184F2DC9009E4C0E /* CoreLocation.framework in Frameworks */,
				05FA9DEB184F2DC2009E4C0E /* MapKit.framework in Frameworks */,
				05FA9DB5184F1BF2009E4C0E /* CoreGraphics.framework in Frameworks */,
				05FA9DB7184F1BF2009E4C0E /* UIKit.framework in Frameworks */,
				05FF98C71850729C00D91CDF /* Parse.framework in Frameworks */,
				05FA9DB3184F1BF2009E4C0E /* Foundation.framework in Frameworks */,
			);
			runOnlyForDeploymentPostprocessing = 0;
		};
		05FA9DCD184F1BF2009E4C0E /* Frameworks */ = {
			isa = PBXFrameworksBuildPhase;
			buildActionMask = 2147483647;
			files = (
				05FA9DD2184F1BF2009E4C0E /* XCTest.framework in Frameworks */,
				05FA9DD4184F1BF2009E4C0E /* UIKit.framework in Frameworks */,
				05FA9DD3184F1BF2009E4C0E /* Foundation.framework in Frameworks */,
			);
			runOnlyForDeploymentPostprocessing = 0;
		};
/* End PBXFrameworksBuildPhase section */

/* Begin PBXGroup section */
		05FA9DA6184F1BF2009E4C0E = {
			isa = PBXGroup;
			children = (
				05FA9DB8184F1BF2009E4C0E /* MAPS - GeoCatching_4 */,
				05FA9DD7184F1BF2009E4C0E /* MAPS - GeoCatching_4Tests */,
				05FA9DB1184F1BF2009E4C0E /* Frameworks */,
				05FA9DB0184F1BF2009E4C0E /* Products */,
			);
			sourceTree = "<group>";
		};
		05FA9DB0184F1BF2009E4C0E /* Products */ = {
			isa = PBXGroup;
			children = (
				05FA9DAF184F1BF2009E4C0E /* MAPS - GeoCatching_4.app */,
				05FA9DD0184F1BF2009E4C0E /* MAPS - GeoCatching_4Tests.xctest */,
			);
			name = Products;
			sourceTree = "<group>";
		};
		05FA9DB1184F1BF2009E4C0E /* Frameworks */ = {
			isa = PBXGroup;
			children = (
				05FF98D41850733100D91CDF /* SystemConfiguration.framework */,
				05FF98D21850732900D91CDF /* StoreKit.framework */,
				05FF98D01850732200D91CDF /* Security.framework */,
				05FF98CE1850731600D91CDF /* QuartzCore.framework */,
				05FF98CC1850730C00D91CDF /* MobileCoreServices.framework */,
				05FF98CA1850730400D91CDF /* libz.1.1.3.dylib */,
				05FF98C8185072F200D91CDF /* CFNetwork.framework */,
				05FF98C61850729C00D91CDF /* Parse.framework */,
				05FA9DF0184F2DE7009E4C0E /* AudioToolbox.framework */,
				05FA9DEE184F2DD0009E4C0E /* AVFoundation.framework */,
				05FA9DEC184F2DC9009E4C0E /* CoreLocation.framework */,
				05FA9DEA184F2DC2009E4C0E /* MapKit.framework */,
				05FA9DB2184F1BF2009E4C0E /* Foundation.framework */,
				05FA9DB4184F1BF2009E4C0E /* CoreGraphics.framework */,
				05FA9DB6184F1BF2009E4C0E /* UIKit.framework */,
				05FA9DD1184F1BF2009E4C0E /* XCTest.framework */,
			);
			name = Frameworks;
			sourceTree = "<group>";
		};
		05FA9DB8184F1BF2009E4C0E /* MAPS - GeoCatching_4 */ = {
			isa = PBXGroup;
			children = (
				05FA9DF8184F2EC0009E4C0E /* Overlay CrumbPath (Dibujo Trayectoria) */,
				05FA9DC1184F1BF2009E4C0E /* AppDelegate.h */,
				05FA9DC2184F1BF2009E4C0E /* AppDelegate.m */,
				05FA9DC4184F1BF2009E4C0E /* Main.storyboard */,
				05FA9DC7184F1BF2009E4C0E /* ViewController.h */,
				05FA9DC8184F1BF2009E4C0E /* ViewController.m */,
				05FA9DCA184F1BF2009E4C0E /* Images.xcassets */,
				05FA9DB9184F1BF2009E4C0E /* Supporting Files */,
			);
			path = "MAPS - GeoCatching_4";
			sourceTree = "<group>";
		};
		05FA9DB9184F1BF2009E4C0E /* Supporting Files */ = {
			isa = PBXGroup;
			children = (
				05FF98E51850DCB900D91CDF /* Audio */,
				05FF98E41850DC9C00D91CDF /* Images */,
				05FA9DBA184F1BF2009E4C0E /* MAPS - GeoCatching_4-Info.plist */,
				05FA9DBB184F1BF2009E4C0E /* InfoPlist.strings */,
				05FA9DBE184F1BF2009E4C0E /* main.m */,
				05FA9DC0184F1BF2009E4C0E /* MAPS - GeoCatching_4-Prefix.pch */,
			);
			name = "Supporting Files";
			sourceTree = "<group>";
		};
		05FA9DD7184F1BF2009E4C0E /* MAPS - GeoCatching_4Tests */ = {
			isa = PBXGroup;
			children = (
				05FA9DDD184F1BF2009E4C0E /* MAPS___GeoCatching_4Tests.m */,
				05FA9DD8184F1BF2009E4C0E /* Supporting Files */,
			);
			path = "MAPS - GeoCatching_4Tests";
			sourceTree = "<group>";
		};
		05FA9DD8184F1BF2009E4C0E /* Supporting Files */ = {
			isa = PBXGroup;
			children = (
				05FA9DD9184F1BF2009E4C0E /* MAPS - GeoCatching_4Tests-Info.plist */,
				05FA9DDA184F1BF2009E4C0E /* InfoPlist.strings */,
			);
			name = "Supporting Files";
			sourceTree = "<group>";
		};
		05FA9DF8184F2EC0009E4C0E /* Overlay CrumbPath (Dibujo Trayectoria) */ = {
			isa = PBXGroup;
			children = (
				05FA9DF2184F2EB9009E4C0E /* CrumbPath.h */,
				05FA9DF3184F2EB9009E4C0E /* CrumbPath.m */,
				05FA9DF4184F2EB9009E4C0E /* CrumbPathView.h */,
				05FA9DF5184F2EB9009E4C0E /* CrumbPathView.m */,
			);
			name = "Overlay CrumbPath (Dibujo Trayectoria)";
			sourceTree = "<group>";
		};
		05FF98E41850DC9C00D91CDF /* Images */ = {
			isa = PBXGroup;
			children = (
				05FF98E01850DC8D00D91CDF /* rsz_treasure_island_map_bigger.png */,
				05FF98E11850DC8D00D91CDF /* rsz_treasure-island-map.png */,
				05FF98DA1850D9B300D91CDF /* rsz_1compass.png */,
				05FF98DB1850D9B300D91CDF /* rsz_2compass.png */,
				05FF98DC1850D9B300D91CDF /* rsz_3compass.png */,
				05FF98D61850855E00D91CDF /* compass.png */,
			);
			name = Images;
			sourceTree = "<group>";
		};
		05FF98E51850DCB900D91CDF /* Audio */ = {
			isa = PBXGroup;
			children = (
				05FA9DFE184FF29C009E4C0E /* Clink-Beep.aiff */,
				05FA9E061850074C009E4C0E /* itemFounded.aiff */,
				05FA9DFF184FF29C009E4C0E /* Metallic_Bell_Beep.aiff */,
				05FA9E00184FF29C009E4C0E /* Siren.aif */,
				05FA9E01184FF29C009E4C0E /* Siren_WooWoo.aif */,
				05FA9DFC184F3156009E4C0E /* Hero.aiff */,
			);
			name = Audio;
			sourceTree = "<group>";
		};
/* End PBXGroup section */

/* Begin PBXNativeTarget section */
		05FA9DAE184F1BF2009E4C0E /* MAPS - GeoCatching_4 */ = {
			isa = PBXNativeTarget;
			buildConfigurationList = 05FA9DE1184F1BF2009E4C0E /* Build configuration list for PBXNativeTarget "MAPS - GeoCatching_4" */;
			buildPhases = (
				05FA9DAB184F1BF2009E4C0E /* Sources */,
				05FA9DAC184F1BF2009E4C0E /* Frameworks */,
				05FA9DAD184F1BF2009E4C0E /* Resources */,
			);
			buildRules = (
			);
			dependencies = (
			);
			name = "MAPS - GeoCatching_4";
			productName = "MAPS - GeoCatching_4";
			productReference = 05FA9DAF184F1BF2009E4C0E /* MAPS - GeoCatching_4.app */;
			productType = "com.apple.product-type.application";
		};
		05FA9DCF184F1BF2009E4C0E /* MAPS - GeoCatching_4Tests */ = {
			isa = PBXNativeTarget;
			buildConfigurationList = 05FA9DE4184F1BF2009E4C0E /* Build configuration list for PBXNativeTarget "MAPS - GeoCatching_4Tests" */;
			buildPhases = (
				05FA9DCC184F1BF2009E4C0E /* Sources */,
				05FA9DCD184F1BF2009E4C0E /* Frameworks */,
				05FA9DCE184F1BF2009E4C0E /* Resources */,
			);
			buildRules = (
			);
			dependencies = (
				05FA9DD6184F1BF2009E4C0E /* PBXTargetDependency */,
			);
			name = "MAPS - GeoCatching_4Tests";
			productName = "MAPS - GeoCatching_4Tests";
			productReference = 05FA9DD0184F1BF2009E4C0E /* MAPS - GeoCatching_4Tests.xctest */;
			productType = "com.apple.product-type.bundle.unit-test";
		};
/* End PBXNativeTarget section */

/* Begin PBXProject section */
		05FA9DA7184F1BF2009E4C0E /* Project object */ = {
			isa = PBXProject;
			attributes = {
				LastUpgradeCheck = 0500;
				ORGANIZATIONNAME = Victor_Tomas_Perez;
				TargetAttributes = {
					05FA9DCF184F1BF2009E4C0E = {
						TestTargetID = 05FA9DAE184F1BF2009E4C0E;
					};
				};
			};
			buildConfigurationList = 05FA9DAA184F1BF2009E4C0E /* Build configuration list for PBXProject "MAPS - GeoCatching_4" */;
			compatibilityVersion = "Xcode 3.2";
			developmentRegion = English;
			hasScannedForEncodings = 0;
			knownRegions = (
				en,
				Base,
			);
			mainGroup = 05FA9DA6184F1BF2009E4C0E;
			productRefGroup = 05FA9DB0184F1BF2009E4C0E /* Products */;
			projectDirPath = "";
			projectRoot = "";
			targets = (
				05FA9DAE184F1BF2009E4C0E /* MAPS - GeoCatching_4 */,
				05FA9DCF184F1BF2009E4C0E /* MAPS - GeoCatching_4Tests */,
			);
		};
/* End PBXProject section */

/* Begin PBXResourcesBuildPhase section */
		05FA9DAD184F1BF2009E4C0E /* Resources */ = {
			isa = PBXResourcesBuildPhase;
			buildActionMask = 2147483647;
			files = (
				05FF98DD1850D9B300D91CDF /* rsz_1compass.png in Resources */,
				05FA9E05184FF29C009E4C0E /* Siren_WooWoo.aif in Resources */,
				05FA9DCB184F1BF2009E4C0E /* Images.xcassets in Resources */,
				05FA9E071850074C009E4C0E /* itemFounded.aiff in Resources */,
				05FA9DBD184F1BF2009E4C0E /* InfoPlist.strings in Resources */,
				05FF98D71850855E00D91CDF /* compass.png in Resources */,
				05FA9E04184FF29C009E4C0E /* Siren.aif in Resources */,
				05FF98DE1850D9B300D91CDF /* rsz_2compass.png in Resources */,
				05FA9E02184FF29C009E4C0E /* Clink-Beep.aiff in Resources */,
				05FF98DF1850D9B300D91CDF /* rsz_3compass.png in Resources */,
				05FF98E21850DC8D00D91CDF /* rsz_treasure_island_map_bigger.png in Resources */,
				05FF98E31850DC8D00D91CDF /* rsz_treasure-island-map.png in Resources */,
				05FA9DC6184F1BF2009E4C0E /* Main.storyboard in Resources */,
				05FA9DFD184F3156009E4C0E /* Hero.aiff in Resources */,
				05FA9E03184FF29C009E4C0E /* Metallic_Bell_Beep.aiff in Resources */,
			);
			runOnlyForDeploymentPostprocessing = 0;
		};
		05FA9DCE184F1BF2009E4C0E /* Resources */ = {
			isa = PBXResourcesBuildPhase;
			buildActionMask = 2147483647;
			files = (
				05FA9DDC184F1BF2009E4C0E /* InfoPlist.strings in Resources */,
			);
			runOnlyForDeploymentPostprocessing = 0;
		};
/* End PBXResourcesBuildPhase section */

/* Begin PBXSourcesBuildPhase section */
		05FA9DAB184F1BF2009E4C0E /* Sources */ = {
			isa = PBXSourcesBuildPhase;
			buildActionMask = 2147483647;
			files = (
				05FA9DC9184F1BF2009E4C0E /* ViewController.m in Sources */,
				05FA9DF7184F2EB9009E4C0E /* CrumbPathView.m in Sources */,
				05FA9DC3184F1BF2009E4C0E /* AppDelegate.m in Sources */,
				05FA9DF6184F2EB9009E4C0E /* CrumbPath.m in Sources */,
				05FA9DBF184F1BF2009E4C0E /* main.m in Sources */,
			);
			runOnlyForDeploymentPostprocessing = 0;
		};
		05FA9DCC184F1BF2009E4C0E /* Sources */ = {
			isa = PBXSourcesBuildPhase;
			buildActionMask = 2147483647;
			files = (
				05FA9DDE184F1BF2009E4C0E /* MAPS___GeoCatching_4Tests.m in Sources */,
			);
			runOnlyForDeploymentPostprocessing = 0;
		};
/* End PBXSourcesBuildPhase section */

/* Begin PBXTargetDependency section */
		05FA9DD6184F1BF2009E4C0E /* PBXTargetDependency */ = {
			isa = PBXTargetDependency;
			target = 05FA9DAE184F1BF2009E4C0E /* MAPS - GeoCatching_4 */;
			targetProxy = 05FA9DD5184F1BF2009E4C0E /* PBXContainerItemProxy */;
		};
/* End PBXTargetDependency section */

/* Begin PBXVariantGroup section */
		05FA9DBB184F1BF2009E4C0E /* InfoPlist.strings */ = {
			isa = PBXVariantGroup;
			children = (
				05FA9DBC184F1BF2009E4C0E /* en */,
			);
			name = InfoPlist.strings;
			sourceTree = "<group>";
		};
		05FA9DC4184F1BF2009E4C0E /* Main.storyboard */ = {
			isa = PBXVariantGroup;
			children = (
				05FA9DC5184F1BF2009E4C0E /* Base */,
			);
			name = Main.storyboard;
			sourceTree = "<group>";
		};
		05FA9DDA184F1BF2009E4C0E /* InfoPlist.strings */ = {
			isa = PBXVariantGroup;
			children = (
				05FA9DDB184F1BF2009E4C0E /* en */,
			);
			name = InfoPlist.strings;
			sourceTree = "<group>";
		};
/* End PBXVariantGroup section */

/* Begin XCBuildConfiguration section */
		05FA9DDF184F1BF2009E4C0E /* Debug */ = {
			isa = XCBuildConfiguration;
			buildSettings = {
				ALWAYS_SEARCH_USER_PATHS = NO;
				ARCHS = "$(ARCHS_STANDARD_INCLUDING_64_BIT)";
				CLANG_CXX_LANGUAGE_STANDARD = "gnu++0x";
				CLANG_CXX_LIBRARY = "libc++";
				CLANG_ENABLE_MODULES = YES;
				CLANG_ENABLE_OBJC_ARC = YES;
				CLANG_WARN_BOOL_CONVERSION = YES;
				CLANG_WARN_CONSTANT_CONVERSION = YES;
				CLANG_WARN_DIRECT_OBJC_ISA_USAGE = YES_ERROR;
				CLANG_WARN_EMPTY_BODY = YES;
				CLANG_WARN_ENUM_CONVERSION = YES;
				CLANG_WARN_INT_CONVERSION = YES;
				CLANG_WARN_OBJC_ROOT_CLASS = YES_ERROR;
				CLANG_WARN__DUPLICATE_METHOD_MATCH = YES;
				"CODE_SIGN_IDENTITY[sdk=iphoneos*]" = "iPhone Developer";
				COPY_PHASE_STRIP = NO;
				GCC_C_LANGUAGE_STANDARD = gnu99;
				GCC_DYNAMIC_NO_PIC = NO;
				GCC_OPTIMIZATION_LEVEL = 0;
				GCC_PREPROCESSOR_DEFINITIONS = (
					"DEBUG=1",
					"$(inherited)",
				);
				GCC_SYMBOLS_PRIVATE_EXTERN = NO;
				GCC_WARN_64_TO_32_BIT_CONVERSION = YES;
				GCC_WARN_ABOUT_RETURN_TYPE = YES_ERROR;
				GCC_WARN_UNDECLARED_SELECTOR = YES;
				GCC_WARN_UNINITIALIZED_AUTOS = YES;
				GCC_WARN_UNUSED_FUNCTION = YES;
				GCC_WARN_UNUSED_VARIABLE = YES;
				IPHONEOS_DEPLOYMENT_TARGET = 7.0;
				ONLY_ACTIVE_ARCH = YES;
				SDKROOT = iphoneos;
			};
			name = Debug;
		};
		05FA9DE0184F1BF2009E4C0E /* Release */ = {
			isa = XCBuildConfiguration;
			buildSettings = {
				ALWAYS_SEARCH_USER_PATHS = NO;
				ARCHS = "$(ARCHS_STANDARD_INCLUDING_64_BIT)";
				CLANG_CXX_LANGUAGE_STANDARD = "gnu++0x";
				CLANG_CXX_LIBRARY = "libc++";
				CLANG_ENABLE_MODULES = YES;
				CLANG_ENABLE_OBJC_ARC = YES;
				CLANG_WARN_BOOL_CONVERSION = YES;
				CLANG_WARN_CONSTANT_CONVERSION = YES;
				CLANG_WARN_DIRECT_OBJC_ISA_USAGE = YES_ERROR;
				CLANG_WARN_EMPTY_BODY = YES;
				CLANG_WARN_ENUM_CONVERSION = YES;
				CLANG_WARN_INT_CONVERSION = YES;
				CLANG_WARN_OBJC_ROOT_CLASS = YES_ERROR;
				CLANG_WARN__DUPLICATE_METHOD_MATCH = YES;
				"CODE_SIGN_IDENTITY[sdk=iphoneos*]" = "iPhone Developer";
				COPY_PHASE_STRIP = YES;
				ENABLE_NS_ASSERTIONS = NO;
				GCC_C_LANGUAGE_STANDARD = gnu99;
				GCC_WARN_64_TO_32_BIT_CONVERSION = YES;
				GCC_WARN_ABOUT_RETURN_TYPE = YES_ERROR;
				GCC_WARN_UNDECLARED_SELECTOR = YES;
				GCC_WARN_UNINITIALIZED_AUTOS = YES;
				GCC_WARN_UNUSED_FUNCTION = YES;
				GCC_WARN_UNUSED_VARIABLE = YES;
				IPHONEOS_DEPLOYMENT_TARGET = 7.0;
				SDKROOT = iphoneos;
				VALIDATE_PRODUCT = YES;
			};
			name = Release;
		};
		05FA9DE2184F1BF2009E4C0E /* Debug */ = {
			isa = XCBuildConfiguration;
			buildSettings = {
				ASSETCATALOG_COMPILER_APPICON_NAME = AppIcon;
				ASSETCATALOG_COMPILER_LAUNCHIMAGE_NAME = LaunchImage;
				FRAMEWORK_SEARCH_PATHS = (
					"$(inherited)",
					"/Users/juanjosetomastornero/Desktop/VICTOR/MAPS\\ -\\ GeoCatching_4",
				);
				GCC_PRECOMPILE_PREFIX_HEADER = YES;
				GCC_PREFIX_HEADER = "MAPS - GeoCatching_4/MAPS - GeoCatching_4-Prefix.pch";
				INFOPLIST_FILE = "MAPS - GeoCatching_4/MAPS - GeoCatching_4-Info.plist";
				IPHONEOS_DEPLOYMENT_TARGET = 6.0;
				PRODUCT_NAME = "$(TARGET_NAME)";
				WRAPPER_EXTENSION = app;
			};
			name = Debug;
		};
		05FA9DE3184F1BF2009E4C0E /* Release */ = {
			isa = XCBuildConfiguration;
			buildSettings = {
				ASSETCATALOG_COMPILER_APPICON_NAME = AppIcon;
				ASSETCATALOG_COMPILER_LAUNCHIMAGE_NAME = LaunchImage;
				FRAMEWORK_SEARCH_PATHS = (
					"$(inherited)",
					"/Users/juanjosetomastornero/Desktop/VICTOR/MAPS\\ -\\ GeoCatching_4",
				);
				GCC_PRECOMPILE_PREFIX_HEADER = YES;
				GCC_PREFIX_HEADER = "MAPS - GeoCatching_4/MAPS - GeoCatching_4-Prefix.pch";
				INFOPLIST_FILE = "MAPS - GeoCatching_4/MAPS - GeoCatching_4-Info.plist";
				IPHONEOS_DEPLOYMENT_TARGET = 6.0;
				PRODUCT_NAME = "$(TARGET_NAME)";
				WRAPPER_EXTENSION = app;
			};
			name = Release;
		};
		05FA9DE5184F1BF2009E4C0E /* Debug */ = {
			isa = XCBuildConfiguration;
			buildSettings = {
				ARCHS = "$(ARCHS_STANDARD_INCLUDING_64_BIT)";
				BUNDLE_LOADER = "$(BUILT_PRODUCTS_DIR)/MAPS - GeoCatching_4.app/MAPS - GeoCatching_4";
				FRAMEWORK_SEARCH_PATHS = (
					"$(SDKROOT)/Developer/Library/Frameworks",
					"$(inherited)",
					"$(DEVELOPER_FRAMEWORKS_DIR)",
				);
				GCC_PRECOMPILE_PREFIX_HEADER = YES;
				GCC_PREFIX_HEADER = "MAPS - GeoCatching_4/MAPS - GeoCatching_4-Prefix.pch";
				GCC_PREPROCESSOR_DEFINITIONS = (
					"DEBUG=1",
					"$(inherited)",
				);
				INFOPLIST_FILE = "MAPS - GeoCatching_4Tests/MAPS - GeoCatching_4Tests-Info.plist";
				PRODUCT_NAME = "$(TARGET_NAME)";
				TEST_HOST = "$(BUNDLE_LOADER)";
				WRAPPER_EXTENSION = xctest;
			};
			name = Debug;
		};
		05FA9DE6184F1BF2009E4C0E /* Release */ = {
			isa = XCBuildConfiguration;
			buildSettings = {
				ARCHS = "$(ARCHS_STANDARD_INCLUDING_64_BIT)";
				BUNDLE_LOADER = "$(BUILT_PRODUCTS_DIR)/MAPS - GeoCatching_4.app/MAPS - GeoCatching_4";
				FRAMEWORK_SEARCH_PATHS = (
					"$(SDKROOT)/Developer/Library/Frameworks",
					"$(inherited)",
					"$(DEVELOPER_FRAMEWORKS_DIR)",
				);
				GCC_PRECOMPILE_PREFIX_HEADER = YES;
				GCC_PREFIX_HEADER = "MAPS - GeoCatching_4/MAPS - GeoCatching_4-Prefix.pch";
				INFOPLIST_FILE = "MAPS - GeoCatching_4Tests/MAPS - GeoCatching_4Tests-Info.plist";
				PRODUCT_NAME = "$(TARGET_NAME)";
				TEST_HOST = "$(BUNDLE_LOADER)";
				WRAPPER_EXTENSION = xctest;
			};
			name = Release;
		};
/* End XCBuildConfiguration section */

/* Begin XCConfigurationList section */
		05FA9DAA184F1BF2009E4C0E /* Build configuration list for PBXProject "MAPS - GeoCatching_4" */ = {
			isa = XCConfigurationList;
			buildConfigurations = (
				05FA9DDF184F1BF2009E4C0E /* Debug */,
				05FA9DE0184F1BF2009E4C0E /* Release */,
			);
			defaultConfigurationIsVisible = 0;
			defaultConfigurationName = Release;
		};
		05FA9DE1184F1BF2009E4C0E /* Build configuration list for PBXNativeTarget "MAPS - GeoCatching_4" */ = {
			isa = XCConfigurationList;
			buildConfigurations = (
				05FA9DE2184F1BF2009E4C0E /* Debug */,
				05FA9DE3184F1BF2009E4C0E /* Release */,
			);
			defaultConfigurationIsVisible = 0;
			defaultConfigurationName = Release;
		};
		05FA9DE4184F1BF2009E4C0E /* Build configuration list for PBXNativeTarget "MAPS - GeoCatching_4Tests" */ = {
			isa = XCConfigurationList;
			buildConfigurations = (
				05FA9DE5184F1BF2009E4C0E /* Debug */,
				05FA9DE6184F1BF2009E4C0E /* Release */,
			);
			defaultConfigurationIsVisible = 0;
			defaultConfigurationName = Release;
		};
/* End XCConfigurationList section */
	};
	rootObject = 05FA9DA7184F1BF2009E4C0E /* Project object */;
}
